
Microsoft Visual Studio Solution File, Format Version 12.00
# Visual Studio Version 17
VisualStudioVersion = 17.13.35818.85 d17.13
MinimumVisualStudioVersion = 10.0.40219.1
Project("{2150E333-8FDC-42A3-9474-1A3956D46DE8}") = "Doc", "Doc", "{02EA681E-C7D8-13C7-8484-4AC65E1B71E8}"
EndProject
Project("{2150E333-8FDC-42A3-9474-1A3956D46DE8}") = "Src", "Src", "{80FD75E7-9424-45F6-8E26-9D5D23B981EC}"
EndProject
Project("{2150E333-8FDC-42A3-9474-1A3956D46DE8}") = "Test", "Test", "{A4260D5D-CAF2-4837-BEA2-F5549B0F04AB}"
EndProject
Project("{FAE04EC0-301F-11D3-BF4B-00C04F79EFBC}") = "BaharShop.Domain", "Domain\BaharShop.Domain.csproj", "{D93F4E04-625E-4507-83F8-F12453481881}"
EndProject
Project("{2150E333-8FDC-42A3-9474-1A3956D46DE8}") = "Core", "Core", "{021E7C07-F4D1-44D9-BFD3-DA125D1EAE4B}"
EndProject
Project("{2150E333-8FDC-42A3-9474-1A3956D46DE8}") = "Infrastructure", "Infrastructure", "{DD61F06A-406A-40C5-B22E-0EAE414E7B66}"
EndProject
Project("{2150E333-8FDC-42A3-9474-1A3956D46DE8}") = "Common", "Common", "{BA74D117-A8AB-44ED-8E9B-C2D9E4A81A28}"
EndProject
Project("{2150E333-8FDC-42A3-9474-1A3956D46DE8}") = "Presentation", "Presentation", "{56FA9A0F-2960-45A5-944A-014392DBB3E3}"
EndProject
Project("{FAE04EC0-301F-11D3-BF4B-00C04F79EFBC}") = "BaharShop.Common", "Common\BaharShop.Common.csproj", "{EBD1388E-2FAC-44C0-A100-4C4FBC058F64}"
EndProject
Project("{FAE04EC0-301F-11D3-BF4B-00C04F79EFBC}") = "BaharShop.Application", "Application\BaharShop.Application.csproj", "{5FA7C6A4-3ACF-4931-B165-D853B8FD894B}"
EndProject
Project("{FAE04EC0-301F-11D3-BF4B-00C04F79EFBC}") = "BaharShop.Infrastructure", "Infrastructure\BaharShop.Infrastructure.csproj", "{7AC405FB-AB3F-4557-877E-E93D9E77CF1D}"
EndProject
Project("{FAE04EC0-301F-11D3-BF4B-00C04F79EFBC}") = "BaharShop.Persistence", "Persistence\BaharShop.Persistence.csproj", "{0FCA6A35-CC93-43F1-AEFC-D3E931932185}"
EndProject
Project("{FAE04EC0-301F-11D3-BF4B-00C04F79EFBC}") = "BaharSite", "BaharSite\BaharSite.csproj", "{10214C27-7B6C-4978-8E10-590BB122F282}"
EndProject
Project("{FAE04EC0-301F-11D3-BF4B-00C04F79EFBC}") = "AdminSite", "AdminSite\AdminSite.csproj", "{CD30FC62-0784-441E-9839-8016F9199B12}"
EndProject
Global
	GlobalSection(SolutionConfigurationPlatforms) = preSolution
		Debug|Any CPU = Debug|Any CPU
		Release|Any CPU = Release|Any CPU
	EndGlobalSection
	GlobalSection(ProjectConfigurationPlatforms) = postSolution
		{D93F4E04-625E-4507-83F8-F12453481881}.Debug|Any CPU.ActiveCfg = Debug|Any CPU
		{D93F4E04-625E-4507-83F8-F12453481881}.Debug|Any CPU.Build.0 = Debug|Any CPU
		{D93F4E04-625E-4507-83F8-F12453481881}.Release|Any CPU.ActiveCfg = Release|Any CPU
		{D93F4E04-625E-4507-83F8-F12453481881}.Release|Any CPU.Build.0 = Release|Any CPU
		{EBD1388E-2FAC-44C0-A100-4C4FBC058F64}.Debug|Any CPU.ActiveCfg = Debug|Any CPU
		{EBD1388E-2FAC-44C0-A100-4C4FBC058F64}.Debug|Any CPU.Build.0 = Debug|Any CPU
		{EBD1388E-2FAC-44C0-A100-4C4FBC058F64}.Release|Any CPU.ActiveCfg = Release|Any CPU
		{EBD1388E-2FAC-44C0-A100-4C4FBC058F64}.Release|Any CPU.Build.0 = Release|Any CPU
		{5FA7C6A4-3ACF-4931-B165-D853B8FD894B}.Debug|Any CPU.ActiveCfg = Debug|Any CPU
		{5FA7C6A4-3ACF-4931-B165-D853B8FD894B}.Debug|Any CPU.Build.0 = Debug|Any CPU
		{5FA7C6A4-3ACF-4931-B165-D853B8FD894B}.Release|Any CPU.ActiveCfg = Release|Any CPU
		{5FA7C6A4-3ACF-4931-B165-D853B8FD894B}.Release|Any CPU.Build.0 = Release|Any CPU
		{7AC405FB-AB3F-4557-877E-E93D9E77CF1D}.Debug|Any CPU.ActiveCfg = Debug|Any CPU
		{7AC405FB-AB3F-4557-877E-E93D9E77CF1D}.Debug|Any CPU.Build.0 = Debug|Any CPU
		{7AC405FB-AB3F-4557-877E-E93D9E77CF1D}.Release|Any CPU.ActiveCfg = Release|Any CPU
		{7AC405FB-AB3F-4557-877E-E93D9E77CF1D}.Release|Any CPU.Build.0 = Release|Any CPU
		{0FCA6A35-CC93-43F1-AEFC-D3E931932185}.Debug|Any CPU.ActiveCfg = Debug|Any CPU
		{0FCA6A35-CC93-43F1-AEFC-D3E931932185}.Debug|Any CPU.Build.0 = Debug|Any CPU
		{0FCA6A35-CC93-43F1-AEFC-D3E931932185}.Release|Any CPU.ActiveCfg = Release|Any CPU
		{0FCA6A35-CC93-43F1-AEFC-D3E931932185}.Release|Any CPU.Build.0 = Release|Any CPU
		{10214C27-7B6C-4978-8E10-590BB122F282}.Debug|Any CPU.ActiveCfg = Debug|Any CPU
		{10214C27-7B6C-4978-8E10-590BB122F282}.Debug|Any CPU.Build.0 = Debug|Any CPU
		{10214C27-7B6C-4978-8E10-590BB122F282}.Release|Any CPU.ActiveCfg = Release|Any CPU
		{10214C27-7B6C-4978-8E10-590BB122F282}.Release|Any CPU.Build.0 = Release|Any CPU
		{CD30FC62-0784-441E-9839-8016F9199B12}.Debug|Any CPU.ActiveCfg = Debug|Any CPU
		{CD30FC62-0784-441E-9839-8016F9199B12}.Debug|Any CPU.Build.0 = Debug|Any CPU
		{CD30FC62-0784-441E-9839-8016F9199B12}.Release|Any CPU.ActiveCfg = Release|Any CPU
		{CD30FC62-0784-441E-9839-8016F9199B12}.Release|Any CPU.Build.0 = Release|Any CPU
	EndGlobalSection
	GlobalSection(SolutionProperties) = preSolution
		HideSolutionNode = FALSE
	EndGlobalSection
	GlobalSection(NestedProjects) = preSolution
		{D93F4E04-625E-4507-83F8-F12453481881} = {021E7C07-F4D1-44D9-BFD3-DA125D1EAE4B}
		{021E7C07-F4D1-44D9-BFD3-DA125D1EAE4B} = {80FD75E7-9424-45F6-8E26-9D5D23B981EC}
		{DD61F06A-406A-40C5-B22E-0EAE414E7B66} = {80FD75E7-9424-45F6-8E26-9D5D23B981EC}
		{BA74D117-A8AB-44ED-8E9B-C2D9E4A81A28} = {80FD75E7-9424-45F6-8E26-9D5D23B981EC}
		{56FA9A0F-2960-45A5-944A-014392DBB3E3} = {80FD75E7-9424-45F6-8E26-9D5D23B981EC}
		{EBD1388E-2FAC-44C0-A100-4C4FBC058F64} = {BA74D117-A8AB-44ED-8E9B-C2D9E4A81A28}
		{5FA7C6A4-3ACF-4931-B165-D853B8FD894B} = {021E7C07-F4D1-44D9-BFD3-DA125D1EAE4B}
		{7AC405FB-AB3F-4557-877E-E93D9E77CF1D} = {DD61F06A-406A-40C5-B22E-0EAE414E7B66}
		{0FCA6A35-CC93-43F1-AEFC-D3E931932185} = {DD61F06A-406A-40C5-B22E-0EAE414E7B66}
		{10214C27-7B6C-4978-8E10-590BB122F282} = {56FA9A0F-2960-45A5-944A-014392DBB3E3}
		{CD30FC62-0784-441E-9839-8016F9199B12} = {56FA9A0F-2960-45A5-944A-014392DBB3E3}
	EndGlobalSection
	GlobalSection(ExtensibilityGlobals) = postSolution
		SolutionGuid = {E992215B-8E3C-478E-9FAB-D747A51BA05B}
	EndGlobalSection
EndGlobal
